
Microsoft Visual Studio Solution File, Format Version 12.00
# Visual Studio Version 17
VisualStudioVersion = 17.4.33213.308
MinimumVisualStudioVersion = 10.0.40219.1
Project("{FAE04EC0-301F-11D3-BF4B-00C04F79EFBC}") = "EventsAndDelegates", "EventsAndDelegates\EventsAndDelegates.csproj", "{A8BFE3E9-79D5-4F4C-84B2-DF03A3B43309}"
EndProject
Global
	GlobalSection(SolutionConfigurationPlatforms) = preSolution
		Debug|Any CPU = Debug|Any CPU
		Release|Any CPU = Release|Any CPU
	EndGlobalSection
	GlobalSection(ProjectConfigurationPlatforms) = postSolution
		{A8BFE3E9-79D5-4F4C-84B2-DF03A3B43309}.Debug|Any CPU.ActiveCfg = Debug|Any CPU
		{A8BFE3E9-79D5-4F4C-84B2-DF03A3B43309}.Debug|Any CPU.Build.0 = Debug|Any CPU
		{A8BFE3E9-79D5-4F4C-84B2-DF03A3B43309}.Release|Any CPU.ActiveCfg = Release|Any CPU
		{A8BFE3E9-79D5-4F4C-84B2-DF03A3B43309}.Release|Any CPU.Build.0 = Release|Any CPU
	EndGlobalSection
	GlobalSection(SolutionProperties) = preSolution
		HideSolutionNode = FALSE
	EndGlobalSection
	GlobalSection(ExtensibilityGlobals) = postSolution
		SolutionGuid = {6DD40A94-28FD-4365-8DEC-87579145AE48}
	EndGlobalSection
EndGlobal
