
Microsoft Visual Studio Solution File, Format Version 12.00
# Visual Studio Version 17
VisualStudioVersion = 17.4.33213.308
MinimumVisualStudioVersion = 10.0.40219.1
Project("{FAE04EC0-301F-11D3-BF4B-00C04F79EFBC}") = "LamdaExpression", "LamdaExpression\LamdaExpression.csproj", "{AA670D20-53CA-4EA0-BAE1-9A8CFE01A743}"
EndProject
Global
	GlobalSection(SolutionConfigurationPlatforms) = preSolution
		Debug|Any CPU = Debug|Any CPU
		Release|Any CPU = Release|Any CPU
	EndGlobalSection
	GlobalSection(ProjectConfigurationPlatforms) = postSolution
		{AA670D20-53CA-4EA0-BAE1-9A8CFE01A743}.Debug|Any CPU.ActiveCfg = Debug|Any CPU
		{AA670D20-53CA-4EA0-BAE1-9A8CFE01A743}.Debug|Any CPU.Build.0 = Debug|Any CPU
		{AA670D20-53CA-4EA0-BAE1-9A8CFE01A743}.Release|Any CPU.ActiveCfg = Release|Any CPU
		{AA670D20-53CA-4EA0-BAE1-9A8CFE01A743}.Release|Any CPU.Build.0 = Release|Any CPU
	EndGlobalSection
	GlobalSection(SolutionProperties) = preSolution
		HideSolutionNode = FALSE
	EndGlobalSection
	GlobalSection(ExtensibilityGlobals) = postSolution
		SolutionGuid = {91B61714-D3CB-4A10-B1D3-89DAE6F601FB}
	EndGlobalSection
EndGlobal
